
Microsoft Visual Studio Solution File, Format Version 12.00
# Visual Studio Version 17
VisualStudioVersion = 17.11.35303.130
MinimumVisualStudioVersion = 10.0.40219.1
Project("{FAE04EC0-301F-11D3-BF4B-00C04F79EFBC}") = "lab07", "lab07\lab07.csproj", "{69226237-4F65-4759-B4EB-B79F98EB236A}"
EndProject
Global
	GlobalSection(SolutionConfigurationPlatforms) = preSolution
		Debug|Any CPU = Debug|Any CPU
		Release|Any CPU = Release|Any CPU
	EndGlobalSection
	GlobalSection(ProjectConfigurationPlatforms) = postSolution
		{69226237-4F65-4759-B4EB-B79F98EB236A}.Debug|Any CPU.ActiveCfg = Debug|Any CPU
		{69226237-4F65-4759-B4EB-B79F98EB236A}.Debug|Any CPU.Build.0 = Debug|Any CPU
		{69226237-4F65-4759-B4EB-B79F98EB236A}.Release|Any CPU.ActiveCfg = Release|Any CPU
		{69226237-4F65-4759-B4EB-B79F98EB236A}.Release|Any CPU.Build.0 = Release|Any CPU
	EndGlobalSection
	GlobalSection(SolutionProperties) = preSolution
		HideSolutionNode = FALSE
	EndGlobalSection
	GlobalSection(ExtensibilityGlobals) = postSolution
		SolutionGuid = {5544B3B4-9378-4C87-A737-F7631D39067A}
	EndGlobalSection
EndGlobal
